// !$*UTF8*$!
{
	archiveVersion = 1;
	classes = {
	};
	objectVersion = 50;
	objects = {

/* Begin PBXBuildFile section */
		FE028C27221163E000D34438 /* AppDelegate.swift in Sources */ = {isa = PBXBuildFile; fileRef = FE028C26221163E000D34438 /* AppDelegate.swift */; };
		FE028C29221163E000D34438 /* AlarmSetViewController.swift in Sources */ = {isa = PBXBuildFile; fileRef = FE028C28221163E000D34438 /* AlarmSetViewController.swift */; };
		FE028C2C221163E000D34438 /* Main.storyboard in Resources */ = {isa = PBXBuildFile; fileRef = FE028C2A221163E000D34438 /* Main.storyboard */; };
		FE028C2E221163E400D34438 /* Assets.xcassets in Resources */ = {isa = PBXBuildFile; fileRef = FE028C2D221163E400D34438 /* Assets.xcassets */; };
		FE028C31221163E400D34438 /* LaunchScreen.storyboard in Resources */ = {isa = PBXBuildFile; fileRef = FE028C2F221163E400D34438 /* LaunchScreen.storyboard */; };
		FE19C52F223A952500FECA38 /* SleepingViewController.swift in Sources */ = {isa = PBXBuildFile; fileRef = FE19C52E223A952500FECA38 /* SleepingViewController.swift */; };
		FE564564226AC9C100B1B62B /* KeysStruct.swift in Sources */ = {isa = PBXBuildFile; fileRef = FE564563226AC9C100B1B62B /* KeysStruct.swift */; };
		FE80155A223B784A006548B2 /* ColorHex.swift in Sources */ = {isa = PBXBuildFile; fileRef = FE801559223B784A006548B2 /* ColorHex.swift */; };
		FE80155E223B9818006548B2 /* 1.mp3 in Resources */ = {isa = PBXBuildFile; fileRef = FE80155D223B9818006548B2 /* 1.mp3 */; };
		FEC70E532264AE9F0059303E /* SettingViewController.swift in Sources */ = {isa = PBXBuildFile; fileRef = FEC70E522264AE9F0059303E /* SettingViewController.swift */; };
		FEC70E552264B8090059303E /* TimerModel.swift in Sources */ = {isa = PBXBuildFile; fileRef = FEC70E542264B8090059303E /* TimerModel.swift */; };
/* End PBXBuildFile section */

/* Begin PBXFileReference section */
		FE028C23221163E000D34438 /* 光目覚まし.app */ = {isa = PBXFileReference; explicitFileType = wrapper.application; includeInIndex = 0; path = "光目覚まし.app"; sourceTree = BUILT_PRODUCTS_DIR; };
		FE028C26221163E000D34438 /* AppDelegate.swift */ = {isa = PBXFileReference; lastKnownFileType = sourcecode.swift; path = AppDelegate.swift; sourceTree = "<group>"; };
		FE028C28221163E000D34438 /* AlarmSetViewController.swift */ = {isa = PBXFileReference; lastKnownFileType = sourcecode.swift; path = AlarmSetViewController.swift; sourceTree = "<group>"; };
		FE028C2B221163E000D34438 /* Base */ = {isa = PBXFileReference; lastKnownFileType = file.storyboard; name = Base; path = Base.lproj/Main.storyboard; sourceTree = "<group>"; };
		FE028C2D221163E400D34438 /* Assets.xcassets */ = {isa = PBXFileReference; lastKnownFileType = folder.assetcatalog; path = Assets.xcassets; sourceTree = "<group>"; };
		FE028C30221163E400D34438 /* Base */ = {isa = PBXFileReference; lastKnownFileType = file.storyboard; name = Base; path = Base.lproj/LaunchScreen.storyboard; sourceTree = "<group>"; };
		FE028C32221163E400D34438 /* Info.plist */ = {isa = PBXFileReference; lastKnownFileType = text.plist.xml; path = Info.plist; sourceTree = "<group>"; };
		FE19C52E223A952500FECA38 /* SleepingViewController.swift */ = {isa = PBXFileReference; lastKnownFileType = sourcecode.swift; path = SleepingViewController.swift; sourceTree = "<group>"; };
		FE564563226AC9C100B1B62B /* KeysStruct.swift */ = {isa = PBXFileReference; lastKnownFileType = sourcecode.swift; path = KeysStruct.swift; sourceTree = "<group>"; };
		FE801559223B784A006548B2 /* ColorHex.swift */ = {isa = PBXFileReference; lastKnownFileType = sourcecode.swift; path = ColorHex.swift; sourceTree = "<group>"; };
		FE80155D223B9818006548B2 /* 1.mp3 */ = {isa = PBXFileReference; lastKnownFileType = audio.mp3; path = 1.mp3; sourceTree = "<group>"; };
		FEA8BEAD223AB78400980B4B /* ja */ = {isa = PBXFileReference; lastKnownFileType = text.plist.strings; name = ja; path = ja.lproj/Main.strings; sourceTree = "<group>"; };
		FEA8BEAE223AB78400980B4B /* ja */ = {isa = PBXFileReference; lastKnownFileType = text.plist.strings; name = ja; path = ja.lproj/LaunchScreen.strings; sourceTree = "<group>"; };
		FEC70E522264AE9F0059303E /* SettingViewController.swift */ = {isa = PBXFileReference; lastKnownFileType = sourcecode.swift; path = SettingViewController.swift; sourceTree = "<group>"; };
		FEC70E542264B8090059303E /* TimerModel.swift */ = {isa = PBXFileReference; lastKnownFileType = sourcecode.swift; path = TimerModel.swift; sourceTree = "<group>"; };
/* End PBXFileReference section */

/* Begin PBXFrameworksBuildPhase section */
		FE028C20221163DF00D34438 /* Frameworks */ = {
			isa = PBXFrameworksBuildPhase;
			buildActionMask = 2147483647;
			files = (
			);
			runOnlyForDeploymentPostprocessing = 0;
		};
/* End PBXFrameworksBuildPhase section */

/* Begin PBXGroup section */
		FE028C1A221163DF00D34438 = {
			isa = PBXGroup;
			children = (
				FE028C25221163E000D34438 /* 光目覚まし */,
				FE028C24221163E000D34438 /* Products */,
			);
			sourceTree = "<group>";
		};
		FE028C24221163E000D34438 /* Products */ = {
			isa = PBXGroup;
			children = (
				FE028C23221163E000D34438 /* 光目覚まし.app */,
			);
			name = Products;
			sourceTree = "<group>";
		};
		FE028C25221163E000D34438 /* 光目覚まし */ = {
			isa = PBXGroup;
			children = (
				FE028C26221163E000D34438 /* AppDelegate.swift */,
				FE80155D223B9818006548B2 /* 1.mp3 */,
				FE19C530223A956400FECA38 /* Controllers */,
				FE7DEDFE2258313200589545 /* Models */,
				FE19C531223A958E00FECA38 /* Views */,
				FE19C532223A95A000FECA38 /* Supporting Files */,
			);
			path = "光目覚まし";
			sourceTree = "<group>";
		};
		FE19C530223A956400FECA38 /* Controllers */ = {
			isa = PBXGroup;
			children = (
				FE19C52E223A952500FECA38 /* SleepingViewController.swift */,
				FEC70E522264AE9F0059303E /* SettingViewController.swift */,
				FE028C28221163E000D34438 /* AlarmSetViewController.swift */,
			);
			path = Controllers;
			sourceTree = "<group>";
		};
		FE19C531223A958E00FECA38 /* Views */ = {
			isa = PBXGroup;
			children = (
				FE028C2A221163E000D34438 /* Main.storyboard */,
				FE028C2F221163E400D34438 /* LaunchScreen.storyboard */,
			);
			path = Views;
			sourceTree = "<group>";
		};
		FE19C532223A95A000FECA38 /* Supporting Files */ = {
			isa = PBXGroup;
			children = (
				FE801559223B784A006548B2 /* ColorHex.swift */,
				FE028C32221163E400D34438 /* Info.plist */,
				FE564563226AC9C100B1B62B /* KeysStruct.swift */,
				FE028C2D221163E400D34438 /* Assets.xcassets */,
			);
			path = "Supporting Files";
			sourceTree = "<group>";
		};
		FE7DEDFE2258313200589545 /* Models */ = {
			isa = PBXGroup;
			children = (
				FEC70E542264B8090059303E /* TimerModel.swift */,
			);
			path = Models;
			sourceTree = "<group>";
		};
/* End PBXGroup section */

/* Begin PBXNativeTarget section */
		FE028C22221163DF00D34438 /* 光目覚まし */ = {
			isa = PBXNativeTarget;
			buildConfigurationList = FE028C35221163E400D34438 /* Build configuration list for PBXNativeTarget "光目覚まし" */;
			buildPhases = (
				FE028C1F221163DF00D34438 /* Sources */,
				FE028C20221163DF00D34438 /* Frameworks */,
				FE028C21221163DF00D34438 /* Resources */,
			);
			buildRules = (
			);
			dependencies = (
			);
			name = "光目覚まし";
			productName = "光目覚まし";
			productReference = FE028C23221163E000D34438 /* 光目覚まし.app */;
			productType = "com.apple.product-type.application";
		};
/* End PBXNativeTarget section */

/* Begin PBXProject section */
		FE028C1B221163DF00D34438 /* Project object */ = {
			isa = PBXProject;
			attributes = {
				LastSwiftUpdateCheck = 1010;
				LastUpgradeCheck = 1010;
				ORGANIZATIONNAME = "Wataru Mera";
				TargetAttributes = {
					FE028C22221163DF00D34438 = {
						CreatedOnToolsVersion = 10.1;
						LastSwiftMigration = 1020;
					};
				};
			};
			buildConfigurationList = FE028C1E221163DF00D34438 /* Build configuration list for PBXProject "光目覚まし" */;
			compatibilityVersion = "Xcode 9.3";
			developmentRegion = en;
			hasScannedForEncodings = 0;
			knownRegions = (
				en,
				Base,
				ja,
			);
			mainGroup = FE028C1A221163DF00D34438;
			productRefGroup = FE028C24221163E000D34438 /* Products */;
			projectDirPath = "";
			projectRoot = "";
			targets = (
				FE028C22221163DF00D34438 /* 光目覚まし */,
			);
		};
/* End PBXProject section */

/* Begin PBXResourcesBuildPhase section */
		FE028C21221163DF00D34438 /* Resources */ = {
			isa = PBXResourcesBuildPhase;
			buildActionMask = 2147483647;
			files = (
				FE028C31221163E400D34438 /* LaunchScreen.storyboard in Resources */,
				FE028C2E221163E400D34438 /* Assets.xcassets in Resources */,
				FE028C2C221163E000D34438 /* Main.storyboard in Resources */,
				FE80155E223B9818006548B2 /* 1.mp3 in Resources */,
			);
			runOnlyForDeploymentPostprocessing = 0;
		};
/* End PBXResourcesBuildPhase section */

/* Begin PBXSourcesBuildPhase section */
		FE028C1F221163DF00D34438 /* Sources */ = {
			isa = PBXSourcesBuildPhase;
			buildActionMask = 2147483647;
			files = (
				FEC70E532264AE9F0059303E /* SettingViewController.swift in Sources */,
				FE19C52F223A952500FECA38 /* SleepingViewController.swift in Sources */,
				FE80155A223B784A006548B2 /* ColorHex.swift in Sources */,
				FEC70E552264B8090059303E /* TimerModel.swift in Sources */,
				FE028C29221163E000D34438 /* AlarmSetViewController.swift in Sources */,
				FE564564226AC9C100B1B62B /* KeysStruct.swift in Sources */,
				FE028C27221163E000D34438 /* AppDelegate.swift in Sources */,
			);
			runOnlyForDeploymentPostprocessing = 0;
		};
/* End PBXSourcesBuildPhase section */

/* Begin PBXVariantGroup section */
		FE028C2A221163E000D34438 /* Main.storyboard */ = {
			isa = PBXVariantGroup;
			children = (
				FE028C2B221163E000D34438 /* Base */,
				FEA8BEAD223AB78400980B4B /* ja */,
			);
			name = Main.storyboard;
			sourceTree = "<group>";
		};
		FE028C2F221163E400D34438 /* LaunchScreen.storyboard */ = {
			isa = PBXVariantGroup;
			children = (
				FE028C30221163E400D34438 /* Base */,
				FEA8BEAE223AB78400980B4B /* ja */,
			);
			name = LaunchScreen.storyboard;
			sourceTree = "<group>";
		};
/* End PBXVariantGroup section */

/* Begin XCBuildConfiguration section */
		FE028C33221163E400D34438 /* Debug */ = {
			isa = XCBuildConfiguration;
			buildSettings = {
				ALWAYS_SEARCH_USER_PATHS = NO;
				CLANG_ANALYZER_LOCALIZABILITY_NONLOCALIZED = YES;
				CLANG_ANALYZER_NONNULL = YES;
				CLANG_ANALYZER_NUMBER_OBJECT_CONVERSION = YES_AGGRESSIVE;
				CLANG_CXX_LANGUAGE_STANDARD = "gnu++14";
				CLANG_CXX_LIBRARY = "libc++";
				CLANG_ENABLE_MODULES = YES;
				CLANG_ENABLE_OBJC_ARC = YES;
				CLANG_ENABLE_OBJC_WEAK = YES;
				CLANG_WARN_BLOCK_CAPTURE_AUTORELEASING = YES;
				CLANG_WARN_BOOL_CONVERSION = YES;
				CLANG_WARN_COMMA = YES;
				CLANG_WARN_CONSTANT_CONVERSION = YES;
				CLANG_WARN_DEPRECATED_OBJC_IMPLEMENTATIONS = YES;
				CLANG_WARN_DIRECT_OBJC_ISA_USAGE = YES_ERROR;
				CLANG_WARN_DOCUMENTATION_COMMENTS = YES;
				CLANG_WARN_EMPTY_BODY = YES;
				CLANG_WARN_ENUM_CONVERSION = YES;
				CLANG_WARN_INFINITE_RECURSION = YES;
				CLANG_WARN_INT_CONVERSION = YES;
				CLANG_WARN_NON_LITERAL_NULL_CONVERSION = YES;
				CLANG_WARN_OBJC_IMPLICIT_RETAIN_SELF = YES;
				CLANG_WARN_OBJC_LITERAL_CONVERSION = YES;
				CLANG_WARN_OBJC_ROOT_CLASS = YES_ERROR;
				CLANG_WARN_RANGE_LOOP_ANALYSIS = YES;
				CLANG_WARN_STRICT_PROTOTYPES = YES;
				CLANG_WARN_SUSPICIOUS_MOVE = YES;
				CLANG_WARN_UNGUARDED_AVAILABILITY = YES_AGGRESSIVE;
				CLANG_WARN_UNREACHABLE_CODE = YES;
				CLANG_WARN__DUPLICATE_METHOD_MATCH = YES;
				CODE_SIGN_IDENTITY = "iPhone Developer";
				COPY_PHASE_STRIP = NO;
				DEBUG_INFORMATION_FORMAT = dwarf;
				ENABLE_STRICT_OBJC_MSGSEND = YES;
				ENABLE_TESTABILITY = YES;
				GCC_C_LANGUAGE_STANDARD = gnu11;
				GCC_DYNAMIC_NO_PIC = NO;
				GCC_NO_COMMON_BLOCKS = YES;
				GCC_OPTIMIZATION_LEVEL = 0;
				GCC_PREPROCESSOR_DEFINITIONS = (
					"DEBUG=1",
					"$(inherited)",
				);
				GCC_WARN_64_TO_32_BIT_CONVERSION = YES;
				GCC_WARN_ABOUT_RETURN_TYPE = YES_ERROR;
				GCC_WARN_UNDECLARED_SELECTOR = YES;
				GCC_WARN_UNINITIALIZED_AUTOS = YES_AGGRESSIVE;
				GCC_WARN_UNUSED_FUNCTION = YES;
				GCC_WARN_UNUSED_VARIABLE = YES;
				IPHONEOS_DEPLOYMENT_TARGET = 12.1;
				MTL_ENABLE_DEBUG_INFO = INCLUDE_SOURCE;
				MTL_FAST_MATH = YES;
				ONLY_ACTIVE_ARCH = YES;
				SDKROOT = iphoneos;
				SWIFT_ACTIVE_COMPILATION_CONDITIONS = DEBUG;
				SWIFT_OPTIMIZATION_LEVEL = "-Onone";
				VALIDATE_PRODUCT = YES;
			};
			name = Debug;
		};
		FE028C34221163E400D34438 /* Release */ = {
			isa = XCBuildConfiguration;
			buildSettings = {
				ALWAYS_SEARCH_USER_PATHS = NO;
				CLANG_ANALYZER_LOCALIZABILITY_NONLOCALIZED = YES;
				CLANG_ANALYZER_NONNULL = YES;
				CLANG_ANALYZER_NUMBER_OBJECT_CONVERSION = YES_AGGRESSIVE;
				CLANG_CXX_LANGUAGE_STANDARD = "gnu++14";
				CLANG_CXX_LIBRARY = "libc++";
				CLANG_ENABLE_MODULES = YES;
				CLANG_ENABLE_OBJC_ARC = YES;
				CLANG_ENABLE_OBJC_WEAK = YES;
				CLANG_WARN_BLOCK_CAPTURE_AUTORELEASING = YES;
				CLANG_WARN_BOOL_CONVERSION = YES;
				CLANG_WARN_COMMA = YES;
				CLANG_WARN_CONSTANT_CONVERSION = YES;
				CLANG_WARN_DEPRECATED_OBJC_IMPLEMENTATIONS = YES;
				CLANG_WARN_DIRECT_OBJC_ISA_USAGE = YES_ERROR;
				CLANG_WARN_DOCUMENTATION_COMMENTS = YES;
				CLANG_WARN_EMPTY_BODY = YES;
				CLANG_WARN_ENUM_CONVERSION = YES;
				CLANG_WARN_INFINITE_RECURSION = YES;
				CLANG_WARN_INT_CONVERSION = YES;
				CLANG_WARN_NON_LITERAL_NULL_CONVERSION = YES;
				CLANG_WARN_OBJC_IMPLICIT_RETAIN_SELF = YES;
				CLANG_WARN_OBJC_LITERAL_CONVERSION = YES;
				CLANG_WARN_OBJC_ROOT_CLASS = YES_ERROR;
				CLANG_WARN_RANGE_LOOP_ANALYSIS = YES;
				CLANG_WARN_STRICT_PROTOTYPES = YES;
				CLANG_WARN_SUSPICIOUS_MOVE = YES;
				CLANG_WARN_UNGUARDED_AVAILABILITY = YES_AGGRESSIVE;
				CLANG_WARN_UNREACHABLE_CODE = YES;
				CLANG_WARN__DUPLICATE_METHOD_MATCH = YES;
				CODE_SIGN_IDENTITY = "iPhone Developer";
				COPY_PHASE_STRIP = NO;
				DEBUG_INFORMATION_FORMAT = "dwarf-with-dsym";
				ENABLE_NS_ASSERTIONS = NO;
				ENABLE_STRICT_OBJC_MSGSEND = YES;
				GCC_C_LANGUAGE_STANDARD = gnu11;
				GCC_NO_COMMON_BLOCKS = YES;
				GCC_WARN_64_TO_32_BIT_CONVERSION = YES;
				GCC_WARN_ABOUT_RETURN_TYPE = YES_ERROR;
				GCC_WARN_UNDECLARED_SELECTOR = YES;
				GCC_WARN_UNINITIALIZED_AUTOS = YES_AGGRESSIVE;
				GCC_WARN_UNUSED_FUNCTION = YES;
				GCC_WARN_UNUSED_VARIABLE = YES;
				IPHONEOS_DEPLOYMENT_TARGET = 12.1;
				MTL_ENABLE_DEBUG_INFO = NO;
				MTL_FAST_MATH = YES;
				SDKROOT = iphoneos;
				SWIFT_COMPILATION_MODE = wholemodule;
				SWIFT_OPTIMIZATION_LEVEL = "-O";
				VALIDATE_PRODUCT = YES;
			};
			name = Release;
		};
		FE028C36221163E400D34438 /* Debug */ = {
			isa = XCBuildConfiguration;
			buildSettings = {
				ASSETCATALOG_COMPILER_APPICON_NAME = AppIcon;
				CODE_SIGN_IDENTITY = "iPhone Developer";
				CODE_SIGN_STYLE = Automatic;
				DEVELOPMENT_TEAM = V8VYK8F246;
				INFOPLIST_FILE = "$(SRCROOT)/光目覚まし/Supporting Files/Info.plist";
				LD_RUNPATH_SEARCH_PATHS = (
					"$(inherited)",
					"@executable_path/Frameworks",
				);
				PRODUCT_BUNDLE_IDENTIFIER = com.watarumera.light.Alarm;
				PRODUCT_NAME = "$(TARGET_NAME)";
				PROVISIONING_PROFILE_SPECIFIER = "";
				SWIFT_VERSION = 5.0;
				TARGETED_DEVICE_FAMILY = "1,2";
			};
			name = Debug;
		};
		FE028C37221163E400D34438 /* Release */ = {
			isa = XCBuildConfiguration;
			buildSettings = {
				ASSETCATALOG_COMPILER_APPICON_NAME = AppIcon;
				CODE_SIGN_IDENTITY = "iPhone Developer";
				CODE_SIGN_STYLE = Automatic;
				DEVELOPMENT_TEAM = V8VYK8F246;
				INFOPLIST_FILE = "$(SRCROOT)/光目覚まし/Supporting Files/Info.plist";
				LD_RUNPATH_SEARCH_PATHS = (
					"$(inherited)",
					"@executable_path/Frameworks",
				);
				PRODUCT_BUNDLE_IDENTIFIER = com.watarumera.light.Alarm;
				PRODUCT_NAME = "$(TARGET_NAME)";
				PROVISIONING_PROFILE_SPECIFIER = "";
				SWIFT_VERSION = 5.0;
				TARGETED_DEVICE_FAMILY = "1,2";
			};
			name = Release;
		};
/* End XCBuildConfiguration section */

/* Begin XCConfigurationList section */
		FE028C1E221163DF00D34438 /* Build configuration list for PBXProject "光目覚まし" */ = {
			isa = XCConfigurationList;
			buildConfigurations = (
				FE028C33221163E400D34438 /* Debug */,
				FE028C34221163E400D34438 /* Release */,
			);
			defaultConfigurationIsVisible = 0;
			defaultConfigurationName = Debug;
		};
		FE028C35221163E400D34438 /* Build configuration list for PBXNativeTarget "光目覚まし" */ = {
			isa = XCConfigurationList;
			buildConfigurations = (
				FE028C36221163E400D34438 /* Debug */,
				FE028C37221163E400D34438 /* Release */,
			);
			defaultConfigurationIsVisible = 0;
			defaultConfigurationName = Debug;
		};
/* End XCConfigurationList section */
	};
	rootObject = FE028C1B221163DF00D34438 /* Project object */;
}
